
Microsoft Visual Studio Solution File, Format Version 12.00
Project("{FAE04EC0-301F-11D3-BF4B-00C04F79EFBC}") = "api_worldminders", "api_worldminders\api_worldminders.csproj", "{16CE8AB8-8E08-46A7-AACD-EF0C054FD73D}"
EndProject
Global
	GlobalSection(SolutionConfigurationPlatforms) = preSolution
		Debug|Any CPU = Debug|Any CPU
		Release|Any CPU = Release|Any CPU
	EndGlobalSection
	GlobalSection(ProjectConfigurationPlatforms) = postSolution
		{16CE8AB8-8E08-46A7-AACD-EF0C054FD73D}.Debug|Any CPU.ActiveCfg = Debug|Any CPU
		{16CE8AB8-8E08-46A7-AACD-EF0C054FD73D}.Debug|Any CPU.Build.0 = Debug|Any CPU
		{16CE8AB8-8E08-46A7-AACD-EF0C054FD73D}.Release|Any CPU.ActiveCfg = Release|Any CPU
		{16CE8AB8-8E08-46A7-AACD-EF0C054FD73D}.Release|Any CPU.Build.0 = Release|Any CPU
	EndGlobalSection
EndGlobal
